// !$*UTF8*$!
{
	archiveVersion = 1;
	classes = {
	};
	objectVersion = 55;
	objects = {

/* Begin PBXBuildFile section */
		4777C0142753263500B92314 /* AppDelegate.swift in Sources */ = {isa = PBXBuildFile; fileRef = 4777C0132753263500B92314 /* AppDelegate.swift */; };
		4777C0162753263500B92314 /* SceneDelegate.swift in Sources */ = {isa = PBXBuildFile; fileRef = 4777C0152753263500B92314 /* SceneDelegate.swift */; };
		4777C01D2753263600B92314 /* Assets.xcassets in Resources */ = {isa = PBXBuildFile; fileRef = 4777C01C2753263600B92314 /* Assets.xcassets */; };
		4777C0202753263600B92314 /* LaunchScreen.storyboard in Resources */ = {isa = PBXBuildFile; fileRef = 4777C01E2753263600B92314 /* LaunchScreen.storyboard */; };
		4777C02B2753263600B92314 /* TwitterSwiftTests.swift in Sources */ = {isa = PBXBuildFile; fileRef = 4777C02A2753263600B92314 /* TwitterSwiftTests.swift */; };
		4777C0352753263600B92314 /* TwitterSwiftUITests.swift in Sources */ = {isa = PBXBuildFile; fileRef = 4777C0342753263600B92314 /* TwitterSwiftUITests.swift */; };
		4777C0372753263600B92314 /* TwitterSwiftUITestsLaunchTests.swift in Sources */ = {isa = PBXBuildFile; fileRef = 4777C0362753263600B92314 /* TwitterSwiftUITestsLaunchTests.swift */; };
		47C54117275346A500ECC12F /* MainTabController.swift in Sources */ = {isa = PBXBuildFile; fileRef = 47C54116275346A400ECC12F /* MainTabController.swift */; };
		47C541192753474700ECC12F /* Main.storyboard in Resources */ = {isa = PBXBuildFile; fileRef = 47C541182753474700ECC12F /* Main.storyboard */; };
		47C5411B2753483800ECC12F /* FeedController.swift in Sources */ = {isa = PBXBuildFile; fileRef = 47C5411A2753483800ECC12F /* FeedController.swift */; };
		47C5411D275348C600ECC12F /* ExploreController.swift in Sources */ = {isa = PBXBuildFile; fileRef = 47C5411C275348C600ECC12F /* ExploreController.swift */; };
		47C5411F275348D500ECC12F /* ConversationsController.swift in Sources */ = {isa = PBXBuildFile; fileRef = 47C5411E275348D500ECC12F /* ConversationsController.swift */; };
		47C54121275348E800ECC12F /* NotificationsController.swift in Sources */ = {isa = PBXBuildFile; fileRef = 47C54120275348E800ECC12F /* NotificationsController.swift */; };
/* End PBXBuildFile section */

/* Begin PBXContainerItemProxy section */
		4777C0272753263600B92314 /* PBXContainerItemProxy */ = {
			isa = PBXContainerItemProxy;
			containerPortal = 4777C0082753263400B92314 /* Project object */;
			proxyType = 1;
			remoteGlobalIDString = 4777C00F2753263400B92314;
			remoteInfo = TwitterSwift;
		};
		4777C0312753263600B92314 /* PBXContainerItemProxy */ = {
			isa = PBXContainerItemProxy;
			containerPortal = 4777C0082753263400B92314 /* Project object */;
			proxyType = 1;
			remoteGlobalIDString = 4777C00F2753263400B92314;
			remoteInfo = TwitterSwift;
		};
/* End PBXContainerItemProxy section */

/* Begin PBXFileReference section */
		4777C0102753263400B92314 /* TwitterSwift.app */ = {isa = PBXFileReference; explicitFileType = wrapper.application; includeInIndex = 0; path = TwitterSwift.app; sourceTree = BUILT_PRODUCTS_DIR; };
		4777C0132753263500B92314 /* AppDelegate.swift */ = {isa = PBXFileReference; lastKnownFileType = sourcecode.swift; path = AppDelegate.swift; sourceTree = "<group>"; };
		4777C0152753263500B92314 /* SceneDelegate.swift */ = {isa = PBXFileReference; lastKnownFileType = sourcecode.swift; path = SceneDelegate.swift; sourceTree = "<group>"; };
		4777C01C2753263600B92314 /* Assets.xcassets */ = {isa = PBXFileReference; lastKnownFileType = folder.assetcatalog; path = Assets.xcassets; sourceTree = "<group>"; };
		4777C01F2753263600B92314 /* Base */ = {isa = PBXFileReference; lastKnownFileType = file.storyboard; name = Base; path = Base.lproj/LaunchScreen.storyboard; sourceTree = "<group>"; };
		4777C0212753263600B92314 /* Info.plist */ = {isa = PBXFileReference; lastKnownFileType = text.plist.xml; path = Info.plist; sourceTree = "<group>"; };
		4777C0262753263600B92314 /* TwitterSwiftTests.xctest */ = {isa = PBXFileReference; explicitFileType = wrapper.cfbundle; includeInIndex = 0; path = TwitterSwiftTests.xctest; sourceTree = BUILT_PRODUCTS_DIR; };
		4777C02A2753263600B92314 /* TwitterSwiftTests.swift */ = {isa = PBXFileReference; lastKnownFileType = sourcecode.swift; path = TwitterSwiftTests.swift; sourceTree = "<group>"; };
		4777C0302753263600B92314 /* TwitterSwiftUITests.xctest */ = {isa = PBXFileReference; explicitFileType = wrapper.cfbundle; includeInIndex = 0; path = TwitterSwiftUITests.xctest; sourceTree = BUILT_PRODUCTS_DIR; };
		4777C0342753263600B92314 /* TwitterSwiftUITests.swift */ = {isa = PBXFileReference; lastKnownFileType = sourcecode.swift; path = TwitterSwiftUITests.swift; sourceTree = "<group>"; };
		4777C0362753263600B92314 /* TwitterSwiftUITestsLaunchTests.swift */ = {isa = PBXFileReference; lastKnownFileType = sourcecode.swift; path = TwitterSwiftUITestsLaunchTests.swift; sourceTree = "<group>"; };
		47C54116275346A400ECC12F /* MainTabController.swift */ = {isa = PBXFileReference; lastKnownFileType = sourcecode.swift; path = MainTabController.swift; sourceTree = "<group>"; };
		47C541182753474700ECC12F /* Main.storyboard */ = {isa = PBXFileReference; lastKnownFileType = file.storyboard; path = Main.storyboard; sourceTree = "<group>"; };
		47C5411A2753483800ECC12F /* FeedController.swift */ = {isa = PBXFileReference; lastKnownFileType = sourcecode.swift; path = FeedController.swift; sourceTree = "<group>"; };
		47C5411C275348C600ECC12F /* ExploreController.swift */ = {isa = PBXFileReference; lastKnownFileType = sourcecode.swift; path = ExploreController.swift; sourceTree = "<group>"; };
		47C5411E275348D500ECC12F /* ConversationsController.swift */ = {isa = PBXFileReference; lastKnownFileType = sourcecode.swift; path = ConversationsController.swift; sourceTree = "<group>"; };
		47C54120275348E800ECC12F /* NotificationsController.swift */ = {isa = PBXFileReference; lastKnownFileType = sourcecode.swift; path = NotificationsController.swift; sourceTree = "<group>"; };
/* End PBXFileReference section */

/* Begin PBXFrameworksBuildPhase section */
		4777C00D2753263400B92314 /* Frameworks */ = {
			isa = PBXFrameworksBuildPhase;
			buildActionMask = 2147483647;
			files = (
			);
			runOnlyForDeploymentPostprocessing = 0;
		};
		4777C0232753263600B92314 /* Frameworks */ = {
			isa = PBXFrameworksBuildPhase;
			buildActionMask = 2147483647;
			files = (
			);
			runOnlyForDeploymentPostprocessing = 0;
		};
		4777C02D2753263600B92314 /* Frameworks */ = {
			isa = PBXFrameworksBuildPhase;
			buildActionMask = 2147483647;
			files = (
			);
			runOnlyForDeploymentPostprocessing = 0;
		};
/* End PBXFrameworksBuildPhase section */

/* Begin PBXGroup section */
		4777C0072753263400B92314 = {
			isa = PBXGroup;
			children = (
				4777C0122753263400B92314 /* TwitterSwift */,
				4777C0292753263600B92314 /* TwitterSwiftTests */,
				4777C0332753263600B92314 /* TwitterSwiftUITests */,
				4777C0112753263400B92314 /* Products */,
			);
			sourceTree = "<group>";
		};
		4777C0112753263400B92314 /* Products */ = {
			isa = PBXGroup;
			children = (
				4777C0102753263400B92314 /* TwitterSwift.app */,
				4777C0262753263600B92314 /* TwitterSwiftTests.xctest */,
				4777C0302753263600B92314 /* TwitterSwiftUITests.xctest */,
			);
			name = Products;
			sourceTree = "<group>";
		};
		4777C0122753263400B92314 /* TwitterSwift */ = {
			isa = PBXGroup;
			children = (
				47C54113275343D400ECC12F /* View */,
				47C54112275343BA00ECC12F /* API */,
				47C54111275343B000ECC12F /* Controller */,
				47C54110275343A800ECC12F /* ViewModel */,
				47C5410F2753438500ECC12F /* Model */,
				4777C0132753263500B92314 /* AppDelegate.swift */,
				4777C0152753263500B92314 /* SceneDelegate.swift */,
				4777C01C2753263600B92314 /* Assets.xcassets */,
				4777C01E2753263600B92314 /* LaunchScreen.storyboard */,
				4777C0212753263600B92314 /* Info.plist */,
				47C541182753474700ECC12F /* Main.storyboard */,
			);
			path = TwitterSwift;
			sourceTree = "<group>";
		};
		4777C0292753263600B92314 /* TwitterSwiftTests */ = {
			isa = PBXGroup;
			children = (
				4777C02A2753263600B92314 /* TwitterSwiftTests.swift */,
			);
			path = TwitterSwiftTests;
			sourceTree = "<group>";
		};
		4777C0332753263600B92314 /* TwitterSwiftUITests */ = {
			isa = PBXGroup;
			children = (
				4777C0342753263600B92314 /* TwitterSwiftUITests.swift */,
				4777C0362753263600B92314 /* TwitterSwiftUITestsLaunchTests.swift */,
			);
			path = TwitterSwiftUITests;
			sourceTree = "<group>";
		};
		47C5410F2753438500ECC12F /* Model */ = {
			isa = PBXGroup;
			children = (
			);
			path = Model;
			sourceTree = "<group>";
		};
		47C54110275343A800ECC12F /* ViewModel */ = {
			isa = PBXGroup;
			children = (
			);
			path = ViewModel;
			sourceTree = "<group>";
		};
		47C54111275343B000ECC12F /* Controller */ = {
			isa = PBXGroup;
			children = (
				47C54116275346A400ECC12F /* MainTabController.swift */,
				47C5411A2753483800ECC12F /* FeedController.swift */,
				47C5411C275348C600ECC12F /* ExploreController.swift */,
				47C5411E275348D500ECC12F /* ConversationsController.swift */,
				47C54120275348E800ECC12F /* NotificationsController.swift */,
			);
			path = Controller;
			sourceTree = "<group>";
		};
		47C54112275343BA00ECC12F /* API */ = {
			isa = PBXGroup;
			children = (
			);
			path = API;
			sourceTree = "<group>";
		};
		47C54113275343D400ECC12F /* View */ = {
			isa = PBXGroup;
			children = (
			);
			path = View;
			sourceTree = "<group>";
		};
/* End PBXGroup section */

/* Begin PBXNativeTarget section */
		4777C00F2753263400B92314 /* TwitterSwift */ = {
			isa = PBXNativeTarget;
			buildConfigurationList = 4777C03A2753263600B92314 /* Build configuration list for PBXNativeTarget "TwitterSwift" */;
			buildPhases = (
				4777C00C2753263400B92314 /* Sources */,
				4777C00D2753263400B92314 /* Frameworks */,
				4777C00E2753263400B92314 /* Resources */,
			);
			buildRules = (
			);
			dependencies = (
			);
			name = TwitterSwift;
			productName = TwitterSwift;
			productReference = 4777C0102753263400B92314 /* TwitterSwift.app */;
			productType = "com.apple.product-type.application";
		};
		4777C0252753263600B92314 /* TwitterSwiftTests */ = {
			isa = PBXNativeTarget;
			buildConfigurationList = 4777C03D2753263600B92314 /* Build configuration list for PBXNativeTarget "TwitterSwiftTests" */;
			buildPhases = (
				4777C0222753263600B92314 /* Sources */,
				4777C0232753263600B92314 /* Frameworks */,
				4777C0242753263600B92314 /* Resources */,
			);
			buildRules = (
			);
			dependencies = (
				4777C0282753263600B92314 /* PBXTargetDependency */,
			);
			name = TwitterSwiftTests;
			productName = TwitterSwiftTests;
			productReference = 4777C0262753263600B92314 /* TwitterSwiftTests.xctest */;
			productType = "com.apple.product-type.bundle.unit-test";
		};
		4777C02F2753263600B92314 /* TwitterSwiftUITests */ = {
			isa = PBXNativeTarget;
			buildConfigurationList = 4777C0402753263600B92314 /* Build configuration list for PBXNativeTarget "TwitterSwiftUITests" */;
			buildPhases = (
				4777C02C2753263600B92314 /* Sources */,
				4777C02D2753263600B92314 /* Frameworks */,
				4777C02E2753263600B92314 /* Resources */,
			);
			buildRules = (
			);
			dependencies = (
				4777C0322753263600B92314 /* PBXTargetDependency */,
			);
			name = TwitterSwiftUITests;
			productName = TwitterSwiftUITests;
			productReference = 4777C0302753263600B92314 /* TwitterSwiftUITests.xctest */;
			productType = "com.apple.product-type.bundle.ui-testing";
		};
/* End PBXNativeTarget section */

/* Begin PBXProject section */
		4777C0082753263400B92314 /* Project object */ = {
			isa = PBXProject;
			attributes = {
				BuildIndependentTargetsInParallel = 1;
				LastSwiftUpdateCheck = 1310;
				LastUpgradeCheck = 1310;
				TargetAttributes = {
					4777C00F2753263400B92314 = {
						CreatedOnToolsVersion = 13.1;
					};
					4777C0252753263600B92314 = {
						CreatedOnToolsVersion = 13.1;
						TestTargetID = 4777C00F2753263400B92314;
					};
					4777C02F2753263600B92314 = {
						CreatedOnToolsVersion = 13.1;
						TestTargetID = 4777C00F2753263400B92314;
					};
				};
			};
			buildConfigurationList = 4777C00B2753263400B92314 /* Build configuration list for PBXProject "TwitterSwift" */;
			compatibilityVersion = "Xcode 13.0";
			developmentRegion = en;
			hasScannedForEncodings = 0;
			knownRegions = (
				en,
				Base,
			);
			mainGroup = 4777C0072753263400B92314;
			productRefGroup = 4777C0112753263400B92314 /* Products */;
			projectDirPath = "";
			projectRoot = "";
			targets = (
				4777C00F2753263400B92314 /* TwitterSwift */,
				4777C0252753263600B92314 /* TwitterSwiftTests */,
				4777C02F2753263600B92314 /* TwitterSwiftUITests */,
			);
		};
/* End PBXProject section */

/* Begin PBXResourcesBuildPhase section */
		4777C00E2753263400B92314 /* Resources */ = {
			isa = PBXResourcesBuildPhase;
			buildActionMask = 2147483647;
			files = (
				4777C0202753263600B92314 /* LaunchScreen.storyboard in Resources */,
				4777C01D2753263600B92314 /* Assets.xcassets in Resources */,
				47C541192753474700ECC12F /* Main.storyboard in Resources */,
			);
			runOnlyForDeploymentPostprocessing = 0;
		};
		4777C0242753263600B92314 /* Resources */ = {
			isa = PBXResourcesBuildPhase;
			buildActionMask = 2147483647;
			files = (
			);
			runOnlyForDeploymentPostprocessing = 0;
		};
		4777C02E2753263600B92314 /* Resources */ = {
			isa = PBXResourcesBuildPhase;
			buildActionMask = 2147483647;
			files = (
			);
			runOnlyForDeploymentPostprocessing = 0;
		};
/* End PBXResourcesBuildPhase section */

/* Begin PBXSourcesBuildPhase section */
		4777C00C2753263400B92314 /* Sources */ = {
			isa = PBXSourcesBuildPhase;
			buildActionMask = 2147483647;
			files = (
				4777C0142753263500B92314 /* AppDelegate.swift in Sources */,
				47C5411D275348C600ECC12F /* ExploreController.swift in Sources */,
				4777C0162753263500B92314 /* SceneDelegate.swift in Sources */,
				47C54117275346A500ECC12F /* MainTabController.swift in Sources */,
				47C54121275348E800ECC12F /* NotificationsController.swift in Sources */,
				47C5411F275348D500ECC12F /* ConversationsController.swift in Sources */,
				47C5411B2753483800ECC12F /* FeedController.swift in Sources */,
			);
			runOnlyForDeploymentPostprocessing = 0;
		};
		4777C0222753263600B92314 /* Sources */ = {
			isa = PBXSourcesBuildPhase;
			buildActionMask = 2147483647;
			files = (
				4777C02B2753263600B92314 /* TwitterSwiftTests.swift in Sources */,
			);
			runOnlyForDeploymentPostprocessing = 0;
		};
		4777C02C2753263600B92314 /* Sources */ = {
			isa = PBXSourcesBuildPhase;
			buildActionMask = 2147483647;
			files = (
				4777C0372753263600B92314 /* TwitterSwiftUITestsLaunchTests.swift in Sources */,
				4777C0352753263600B92314 /* TwitterSwiftUITests.swift in Sources */,
			);
			runOnlyForDeploymentPostprocessing = 0;
		};
/* End PBXSourcesBuildPhase section */

/* Begin PBXTargetDependency section */
		4777C0282753263600B92314 /* PBXTargetDependency */ = {
			isa = PBXTargetDependency;
			target = 4777C00F2753263400B92314 /* TwitterSwift */;
			targetProxy = 4777C0272753263600B92314 /* PBXContainerItemProxy */;
		};
		4777C0322753263600B92314 /* PBXTargetDependency */ = {
			isa = PBXTargetDependency;
			target = 4777C00F2753263400B92314 /* TwitterSwift */;
			targetProxy = 4777C0312753263600B92314 /* PBXContainerItemProxy */;
		};
/* End PBXTargetDependency section */

/* Begin PBXVariantGroup section */
		4777C01E2753263600B92314 /* LaunchScreen.storyboard */ = {
			isa = PBXVariantGroup;
			children = (
				4777C01F2753263600B92314 /* Base */,
			);
			name = LaunchScreen.storyboard;
			sourceTree = "<group>";
		};
/* End PBXVariantGroup section */

/* Begin XCBuildConfiguration section */
		4777C0382753263600B92314 /* Debug */ = {
			isa = XCBuildConfiguration;
			buildSettings = {
				ALWAYS_SEARCH_USER_PATHS = NO;
				CLANG_ANALYZER_NONNULL = YES;
				CLANG_ANALYZER_NUMBER_OBJECT_CONVERSION = YES_AGGRESSIVE;
				CLANG_CXX_LANGUAGE_STANDARD = "gnu++17";
				CLANG_CXX_LIBRARY = "libc++";
				CLANG_ENABLE_MODULES = YES;
				CLANG_ENABLE_OBJC_ARC = YES;
				CLANG_ENABLE_OBJC_WEAK = YES;
				CLANG_WARN_BLOCK_CAPTURE_AUTORELEASING = YES;
				CLANG_WARN_BOOL_CONVERSION = YES;
				CLANG_WARN_COMMA = YES;
				CLANG_WARN_CONSTANT_CONVERSION = YES;
				CLANG_WARN_DEPRECATED_OBJC_IMPLEMENTATIONS = YES;
				CLANG_WARN_DIRECT_OBJC_ISA_USAGE = YES_ERROR;
				CLANG_WARN_DOCUMENTATION_COMMENTS = YES;
				CLANG_WARN_EMPTY_BODY = YES;
				CLANG_WARN_ENUM_CONVERSION = YES;
				CLANG_WARN_INFINITE_RECURSION = YES;
				CLANG_WARN_INT_CONVERSION = YES;
				CLANG_WARN_NON_LITERAL_NULL_CONVERSION = YES;
				CLANG_WARN_OBJC_IMPLICIT_RETAIN_SELF = YES;
				CLANG_WARN_OBJC_LITERAL_CONVERSION = YES;
				CLANG_WARN_OBJC_ROOT_CLASS = YES_ERROR;
				CLANG_WARN_QUOTED_INCLUDE_IN_FRAMEWORK_HEADER = YES;
				CLANG_WARN_RANGE_LOOP_ANALYSIS = YES;
				CLANG_WARN_STRICT_PROTOTYPES = YES;
				CLANG_WARN_SUSPICIOUS_MOVE = YES;
				CLANG_WARN_UNGUARDED_AVAILABILITY = YES_AGGRESSIVE;
				CLANG_WARN_UNREACHABLE_CODE = YES;
				CLANG_WARN__DUPLICATE_METHOD_MATCH = YES;
				COPY_PHASE_STRIP = NO;
				DEBUG_INFORMATION_FORMAT = dwarf;
				ENABLE_STRICT_OBJC_MSGSEND = YES;
				ENABLE_TESTABILITY = YES;
				GCC_C_LANGUAGE_STANDARD = gnu11;
				GCC_DYNAMIC_NO_PIC = NO;
				GCC_NO_COMMON_BLOCKS = YES;
				GCC_OPTIMIZATION_LEVEL = 0;
				GCC_PREPROCESSOR_DEFINITIONS = (
					"DEBUG=1",
					"$(inherited)",
				);
				GCC_WARN_64_TO_32_BIT_CONVERSION = YES;
				GCC_WARN_ABOUT_RETURN_TYPE = YES_ERROR;
				GCC_WARN_UNDECLARED_SELECTOR = YES;
				GCC_WARN_UNINITIALIZED_AUTOS = YES_AGGRESSIVE;
				GCC_WARN_UNUSED_FUNCTION = YES;
				GCC_WARN_UNUSED_VARIABLE = YES;
				IPHONEOS_DEPLOYMENT_TARGET = 15.0;
				MTL_ENABLE_DEBUG_INFO = INCLUDE_SOURCE;
				MTL_FAST_MATH = YES;
				ONLY_ACTIVE_ARCH = YES;
				SDKROOT = iphoneos;
				SWIFT_ACTIVE_COMPILATION_CONDITIONS = DEBUG;
				SWIFT_OPTIMIZATION_LEVEL = "-Onone";
			};
			name = Debug;
		};
		4777C0392753263600B92314 /* Release */ = {
			isa = XCBuildConfiguration;
			buildSettings = {
				ALWAYS_SEARCH_USER_PATHS = NO;
				CLANG_ANALYZER_NONNULL = YES;
				CLANG_ANALYZER_NUMBER_OBJECT_CONVERSION = YES_AGGRESSIVE;
				CLANG_CXX_LANGUAGE_STANDARD = "gnu++17";
				CLANG_CXX_LIBRARY = "libc++";
				CLANG_ENABLE_MODULES = YES;
				CLANG_ENABLE_OBJC_ARC = YES;
				CLANG_ENABLE_OBJC_WEAK = YES;
				CLANG_WARN_BLOCK_CAPTURE_AUTORELEASING = YES;
				CLANG_WARN_BOOL_CONVERSION = YES;
				CLANG_WARN_COMMA = YES;
				CLANG_WARN_CONSTANT_CONVERSION = YES;
				CLANG_WARN_DEPRECATED_OBJC_IMPLEMENTATIONS = YES;
				CLANG_WARN_DIRECT_OBJC_ISA_USAGE = YES_ERROR;
				CLANG_WARN_DOCUMENTATION_COMMENTS = YES;
				CLANG_WARN_EMPTY_BODY = YES;
				CLANG_WARN_ENUM_CONVERSION = YES;
				CLANG_WARN_INFINITE_RECURSION = YES;
				CLANG_WARN_INT_CONVERSION = YES;
				CLANG_WARN_NON_LITERAL_NULL_CONVERSION = YES;
				CLANG_WARN_OBJC_IMPLICIT_RETAIN_SELF = YES;
				CLANG_WARN_OBJC_LITERAL_CONVERSION = YES;
				CLANG_WARN_OBJC_ROOT_CLASS = YES_ERROR;
				CLANG_WARN_QUOTED_INCLUDE_IN_FRAMEWORK_HEADER = YES;
				CLANG_WARN_RANGE_LOOP_ANALYSIS = YES;
				CLANG_WARN_STRICT_PROTOTYPES = YES;
				CLANG_WARN_SUSPICIOUS_MOVE = YES;
				CLANG_WARN_UNGUARDED_AVAILABILITY = YES_AGGRESSIVE;
				CLANG_WARN_UNREACHABLE_CODE = YES;
				CLANG_WARN__DUPLICATE_METHOD_MATCH = YES;
				COPY_PHASE_STRIP = NO;
				DEBUG_INFORMATION_FORMAT = "dwarf-with-dsym";
				ENABLE_NS_ASSERTIONS = NO;
				ENABLE_STRICT_OBJC_MSGSEND = YES;
				GCC_C_LANGUAGE_STANDARD = gnu11;
				GCC_NO_COMMON_BLOCKS = YES;
				GCC_WARN_64_TO_32_BIT_CONVERSION = YES;
				GCC_WARN_ABOUT_RETURN_TYPE = YES_ERROR;
				GCC_WARN_UNDECLARED_SELECTOR = YES;
				GCC_WARN_UNINITIALIZED_AUTOS = YES_AGGRESSIVE;
				GCC_WARN_UNUSED_FUNCTION = YES;
				GCC_WARN_UNUSED_VARIABLE = YES;
				IPHONEOS_DEPLOYMENT_TARGET = 15.0;
				MTL_ENABLE_DEBUG_INFO = NO;
				MTL_FAST_MATH = YES;
				SDKROOT = iphoneos;
				SWIFT_COMPILATION_MODE = wholemodule;
				SWIFT_OPTIMIZATION_LEVEL = "-O";
				VALIDATE_PRODUCT = YES;
			};
			name = Release;
		};
		4777C03B2753263600B92314 /* Debug */ = {
			isa = XCBuildConfiguration;
			buildSettings = {
				ASSETCATALOG_COMPILER_APPICON_NAME = AppIcon;
				ASSETCATALOG_COMPILER_GLOBAL_ACCENT_COLOR_NAME = AccentColor;
				CODE_SIGN_STYLE = Automatic;
				CURRENT_PROJECT_VERSION = 1;
				DEVELOPMENT_TEAM = JQH43H73TX;
				GENERATE_INFOPLIST_FILE = YES;
				INFOPLIST_FILE = TwitterSwift/Info.plist;
				INFOPLIST_KEY_UIApplicationSupportsIndirectInputEvents = YES;
				INFOPLIST_KEY_UILaunchStoryboardName = LaunchScreen;
				INFOPLIST_KEY_UIMainStoryboardFile = Main;
				INFOPLIST_KEY_UISupportedInterfaceOrientations_iPad = "UIInterfaceOrientationPortrait UIInterfaceOrientationPortraitUpsideDown UIInterfaceOrientationLandscapeLeft UIInterfaceOrientationLandscapeRight";
				INFOPLIST_KEY_UISupportedInterfaceOrientations_iPhone = "UIInterfaceOrientationPortrait UIInterfaceOrientationLandscapeLeft UIInterfaceOrientationLandscapeRight";
				LD_RUNPATH_SEARCH_PATHS = (
					"$(inherited)",
					"@executable_path/Frameworks",
				);
				MARKETING_VERSION = 1.0;
				PRODUCT_BUNDLE_IDENTIFIER = com.twitterclone.TwitterSwift;
				PRODUCT_NAME = "$(TARGET_NAME)";
				SWIFT_EMIT_LOC_STRINGS = YES;
				SWIFT_VERSION = 5.0;
				TARGETED_DEVICE_FAMILY = "1,2";
			};
			name = Debug;
		};
		4777C03C2753263600B92314 /* Release */ = {
			isa = XCBuildConfiguration;
			buildSettings = {
				ASSETCATALOG_COMPILER_APPICON_NAME = AppIcon;
				ASSETCATALOG_COMPILER_GLOBAL_ACCENT_COLOR_NAME = AccentColor;
				CODE_SIGN_STYLE = Automatic;
				CURRENT_PROJECT_VERSION = 1;
				DEVELOPMENT_TEAM = JQH43H73TX;
				GENERATE_INFOPLIST_FILE = YES;
				INFOPLIST_FILE = TwitterSwift/Info.plist;
				INFOPLIST_KEY_UIApplicationSupportsIndirectInputEvents = YES;
				INFOPLIST_KEY_UILaunchStoryboardName = LaunchScreen;
				INFOPLIST_KEY_UIMainStoryboardFile = Main;
				INFOPLIST_KEY_UISupportedInterfaceOrientations_iPad = "UIInterfaceOrientationPortrait UIInterfaceOrientationPortraitUpsideDown UIInterfaceOrientationLandscapeLeft UIInterfaceOrientationLandscapeRight";
				INFOPLIST_KEY_UISupportedInterfaceOrientations_iPhone = "UIInterfaceOrientationPortrait UIInterfaceOrientationLandscapeLeft UIInterfaceOrientationLandscapeRight";
				LD_RUNPATH_SEARCH_PATHS = (
					"$(inherited)",
					"@executable_path/Frameworks",
				);
				MARKETING_VERSION = 1.0;
				PRODUCT_BUNDLE_IDENTIFIER = com.twitterclone.TwitterSwift;
				PRODUCT_NAME = "$(TARGET_NAME)";
				SWIFT_EMIT_LOC_STRINGS = YES;
				SWIFT_VERSION = 5.0;
				TARGETED_DEVICE_FAMILY = "1,2";
			};
			name = Release;
		};
		4777C03E2753263600B92314 /* Debug */ = {
			isa = XCBuildConfiguration;
			buildSettings = {
				ALWAYS_EMBED_SWIFT_STANDARD_LIBRARIES = YES;
				BUNDLE_LOADER = "$(TEST_HOST)";
				CODE_SIGN_STYLE = Automatic;
				CURRENT_PROJECT_VERSION = 1;
				DEVELOPMENT_TEAM = JQH43H73TX;
				GENERATE_INFOPLIST_FILE = YES;
				IPHONEOS_DEPLOYMENT_TARGET = 15.0;
				LD_RUNPATH_SEARCH_PATHS = (
					"$(inherited)",
					"@executable_path/Frameworks",
					"@loader_path/Frameworks",
				);
				MARKETING_VERSION = 1.0;
				PRODUCT_BUNDLE_IDENTIFIER = com.twitterclone.TwitterSwiftTests;
				PRODUCT_NAME = "$(TARGET_NAME)";
				SWIFT_EMIT_LOC_STRINGS = NO;
				SWIFT_VERSION = 5.0;
				TARGETED_DEVICE_FAMILY = "1,2";
				TEST_HOST = "$(BUILT_PRODUCTS_DIR)/TwitterSwift.app/TwitterSwift";
			};
			name = Debug;
		};
		4777C03F2753263600B92314 /* Release */ = {
			isa = XCBuildConfiguration;
			buildSettings = {
				ALWAYS_EMBED_SWIFT_STANDARD_LIBRARIES = YES;
				BUNDLE_LOADER = "$(TEST_HOST)";
				CODE_SIGN_STYLE = Automatic;
				CURRENT_PROJECT_VERSION = 1;
				DEVELOPMENT_TEAM = JQH43H73TX;
				GENERATE_INFOPLIST_FILE = YES;
				IPHONEOS_DEPLOYMENT_TARGET = 15.0;
				LD_RUNPATH_SEARCH_PATHS = (
					"$(inherited)",
					"@executable_path/Frameworks",
					"@loader_path/Frameworks",
				);
				MARKETING_VERSION = 1.0;
				PRODUCT_BUNDLE_IDENTIFIER = com.twitterclone.TwitterSwiftTests;
				PRODUCT_NAME = "$(TARGET_NAME)";
				SWIFT_EMIT_LOC_STRINGS = NO;
				SWIFT_VERSION = 5.0;
				TARGETED_DEVICE_FAMILY = "1,2";
				TEST_HOST = "$(BUILT_PRODUCTS_DIR)/TwitterSwift.app/TwitterSwift";
			};
			name = Release;
		};
		4777C0412753263600B92314 /* Debug */ = {
			isa = XCBuildConfiguration;
			buildSettings = {
				ALWAYS_EMBED_SWIFT_STANDARD_LIBRARIES = YES;
				CODE_SIGN_STYLE = Automatic;
				CURRENT_PROJECT_VERSION = 1;
				DEVELOPMENT_TEAM = JQH43H73TX;
				GENERATE_INFOPLIST_FILE = YES;
				LD_RUNPATH_SEARCH_PATHS = (
					"$(inherited)",
					"@executable_path/Frameworks",
					"@loader_path/Frameworks",
				);
				MARKETING_VERSION = 1.0;
				PRODUCT_BUNDLE_IDENTIFIER = com.twitterclone.TwitterSwiftUITests;
				PRODUCT_NAME = "$(TARGET_NAME)";
				SWIFT_EMIT_LOC_STRINGS = NO;
				SWIFT_VERSION = 5.0;
				TARGETED_DEVICE_FAMILY = "1,2";
				TEST_TARGET_NAME = TwitterSwift;
			};
			name = Debug;
		};
		4777C0422753263600B92314 /* Release */ = {
			isa = XCBuildConfiguration;
			buildSettings = {
				ALWAYS_EMBED_SWIFT_STANDARD_LIBRARIES = YES;
				CODE_SIGN_STYLE = Automatic;
				CURRENT_PROJECT_VERSION = 1;
				DEVELOPMENT_TEAM = JQH43H73TX;
				GENERATE_INFOPLIST_FILE = YES;
				LD_RUNPATH_SEARCH_PATHS = (
					"$(inherited)",
					"@executable_path/Frameworks",
					"@loader_path/Frameworks",
				);
				MARKETING_VERSION = 1.0;
				PRODUCT_BUNDLE_IDENTIFIER = com.twitterclone.TwitterSwiftUITests;
				PRODUCT_NAME = "$(TARGET_NAME)";
				SWIFT_EMIT_LOC_STRINGS = NO;
				SWIFT_VERSION = 5.0;
				TARGETED_DEVICE_FAMILY = "1,2";
				TEST_TARGET_NAME = TwitterSwift;
			};
			name = Release;
		};
/* End XCBuildConfiguration section */

/* Begin XCConfigurationList section */
		4777C00B2753263400B92314 /* Build configuration list for PBXProject "TwitterSwift" */ = {
			isa = XCConfigurationList;
			buildConfigurations = (
				4777C0382753263600B92314 /* Debug */,
				4777C0392753263600B92314 /* Release */,
			);
			defaultConfigurationIsVisible = 0;
			defaultConfigurationName = Release;
		};
		4777C03A2753263600B92314 /* Build configuration list for PBXNativeTarget "TwitterSwift" */ = {
			isa = XCConfigurationList;
			buildConfigurations = (
				4777C03B2753263600B92314 /* Debug */,
				4777C03C2753263600B92314 /* Release */,
			);
			defaultConfigurationIsVisible = 0;
			defaultConfigurationName = Release;
		};
		4777C03D2753263600B92314 /* Build configuration list for PBXNativeTarget "TwitterSwiftTests" */ = {
			isa = XCConfigurationList;
			buildConfigurations = (
				4777C03E2753263600B92314 /* Debug */,
				4777C03F2753263600B92314 /* Release */,
			);
			defaultConfigurationIsVisible = 0;
			defaultConfigurationName = Release;
		};
		4777C0402753263600B92314 /* Build configuration list for PBXNativeTarget "TwitterSwiftUITests" */ = {
			isa = XCConfigurationList;
			buildConfigurations = (
				4777C0412753263600B92314 /* Debug */,
				4777C0422753263600B92314 /* Release */,
			);
			defaultConfigurationIsVisible = 0;
			defaultConfigurationName = Release;
		};
/* End XCConfigurationList section */
	};
	rootObject = 4777C0082753263400B92314 /* Project object */;
}
